{
  "object": {
    "pins": [
      {
        "package": "DNSBlankSystems",
        "repositoryURL": "https://github.com/DoubleNode/DNSBlankSystems.git",
        "state": {
          "branch": null,
          "revision": "7652f5f118e20ba604721215f1d387de23b13cd4",
          "version": "1.0.0"
        }
      },
      {
        "package": "DNSProtocols",
        "repositoryURL": "https://github.com/DoubleNode/DNSProtocols.git",
        "state": {
          "branch": null,
          "revision": "e90cde6bc45dd0bcc9597cc58e74e56c430aae10",
          "version": "1.0.9"
        }
      }
    ]
  },
  "version": 1
}
